
Microsoft Visual Studio Solution File, Format Version 12.00
# Visual Studio 15
VisualStudioVersion = 15.0.26124.0
MinimumVisualStudioVersion = 15.0.26124.0
Project("{FAE04EC0-301F-11D3-BF4B-00C04F79EFBC}") = "Behavioral", "Behavioral\Behavioral.csproj", "{6EB5D78F-11F5-4B43-8ED7-1CC668998D32}"
EndProject
Project("{FAE04EC0-301F-11D3-BF4B-00C04F79EFBC}") = "Behavioral.Tests", "Behavioral.Tests\Behavioral.Tests.csproj", "{A1C7018B-0EDB-4A56-8DF6-6FD9C6986058}"
EndProject
Project("{FAE04EC0-301F-11D3-BF4B-00C04F79EFBC}") = "Structural", "Structural\Structural.csproj", "{9FEA5FB1-1365-45ED-837B-03D730ECA572}"
EndProject
Project("{FAE04EC0-301F-11D3-BF4B-00C04F79EFBC}") = "Structural.Tests", "Structural.Tests\Structural.Tests.csproj", "{34F3B555-9C01-4971-9222-2DBE49B2F927}"
EndProject
Project("{FAE04EC0-301F-11D3-BF4B-00C04F79EFBC}") = "Creational", "Creational\Creational.csproj", "{7B904A29-F1FF-4120-AD8C-87D3E12F2686}"
EndProject
Project("{FAE04EC0-301F-11D3-BF4B-00C04F79EFBC}") = "Creational.Tests", "Creational.Tests\Creational.Tests.csproj", "{6F84F8C6-1C6C-4D62-971D-3878960D6B9B}"
EndProject
Global
	GlobalSection(SolutionConfigurationPlatforms) = preSolution
		Debug|Any CPU = Debug|Any CPU
		Debug|x64 = Debug|x64
		Debug|x86 = Debug|x86
		Release|Any CPU = Release|Any CPU
		Release|x64 = Release|x64
		Release|x86 = Release|x86
	EndGlobalSection
	GlobalSection(SolutionProperties) = preSolution
		HideSolutionNode = FALSE
	EndGlobalSection
	GlobalSection(ProjectConfigurationPlatforms) = postSolution
		{6EB5D78F-11F5-4B43-8ED7-1CC668998D32}.Debug|Any CPU.ActiveCfg = Debug|Any CPU
		{6EB5D78F-11F5-4B43-8ED7-1CC668998D32}.Debug|Any CPU.Build.0 = Debug|Any CPU
		{6EB5D78F-11F5-4B43-8ED7-1CC668998D32}.Debug|x64.ActiveCfg = Debug|Any CPU
		{6EB5D78F-11F5-4B43-8ED7-1CC668998D32}.Debug|x64.Build.0 = Debug|Any CPU
		{6EB5D78F-11F5-4B43-8ED7-1CC668998D32}.Debug|x86.ActiveCfg = Debug|Any CPU
		{6EB5D78F-11F5-4B43-8ED7-1CC668998D32}.Debug|x86.Build.0 = Debug|Any CPU
		{6EB5D78F-11F5-4B43-8ED7-1CC668998D32}.Release|Any CPU.ActiveCfg = Release|Any CPU
		{6EB5D78F-11F5-4B43-8ED7-1CC668998D32}.Release|Any CPU.Build.0 = Release|Any CPU
		{6EB5D78F-11F5-4B43-8ED7-1CC668998D32}.Release|x64.ActiveCfg = Release|Any CPU
		{6EB5D78F-11F5-4B43-8ED7-1CC668998D32}.Release|x64.Build.0 = Release|Any CPU
		{6EB5D78F-11F5-4B43-8ED7-1CC668998D32}.Release|x86.ActiveCfg = Release|Any CPU
		{6EB5D78F-11F5-4B43-8ED7-1CC668998D32}.Release|x86.Build.0 = Release|Any CPU
		{A1C7018B-0EDB-4A56-8DF6-6FD9C6986058}.Debug|Any CPU.ActiveCfg = Debug|Any CPU
		{A1C7018B-0EDB-4A56-8DF6-6FD9C6986058}.Debug|Any CPU.Build.0 = Debug|Any CPU
		{A1C7018B-0EDB-4A56-8DF6-6FD9C6986058}.Debug|x64.ActiveCfg = Debug|Any CPU
		{A1C7018B-0EDB-4A56-8DF6-6FD9C6986058}.Debug|x64.Build.0 = Debug|Any CPU
		{A1C7018B-0EDB-4A56-8DF6-6FD9C6986058}.Debug|x86.ActiveCfg = Debug|Any CPU
		{A1C7018B-0EDB-4A56-8DF6-6FD9C6986058}.Debug|x86.Build.0 = Debug|Any CPU
		{A1C7018B-0EDB-4A56-8DF6-6FD9C6986058}.Release|Any CPU.ActiveCfg = Release|Any CPU
		{A1C7018B-0EDB-4A56-8DF6-6FD9C6986058}.Release|Any CPU.Build.0 = Release|Any CPU
		{A1C7018B-0EDB-4A56-8DF6-6FD9C6986058}.Release|x64.ActiveCfg = Release|Any CPU
		{A1C7018B-0EDB-4A56-8DF6-6FD9C6986058}.Release|x64.Build.0 = Release|Any CPU
		{A1C7018B-0EDB-4A56-8DF6-6FD9C6986058}.Release|x86.ActiveCfg = Release|Any CPU
		{A1C7018B-0EDB-4A56-8DF6-6FD9C6986058}.Release|x86.Build.0 = Release|Any CPU
		{9FEA5FB1-1365-45ED-837B-03D730ECA572}.Debug|Any CPU.ActiveCfg = Debug|Any CPU
		{9FEA5FB1-1365-45ED-837B-03D730ECA572}.Debug|Any CPU.Build.0 = Debug|Any CPU
		{9FEA5FB1-1365-45ED-837B-03D730ECA572}.Debug|x64.ActiveCfg = Debug|Any CPU
		{9FEA5FB1-1365-45ED-837B-03D730ECA572}.Debug|x64.Build.0 = Debug|Any CPU
		{9FEA5FB1-1365-45ED-837B-03D730ECA572}.Debug|x86.ActiveCfg = Debug|Any CPU
		{9FEA5FB1-1365-45ED-837B-03D730ECA572}.Debug|x86.Build.0 = Debug|Any CPU
		{9FEA5FB1-1365-45ED-837B-03D730ECA572}.Release|Any CPU.ActiveCfg = Release|Any CPU
		{9FEA5FB1-1365-45ED-837B-03D730ECA572}.Release|Any CPU.Build.0 = Release|Any CPU
		{9FEA5FB1-1365-45ED-837B-03D730ECA572}.Release|x64.ActiveCfg = Release|Any CPU
		{9FEA5FB1-1365-45ED-837B-03D730ECA572}.Release|x64.Build.0 = Release|Any CPU
		{9FEA5FB1-1365-45ED-837B-03D730ECA572}.Release|x86.ActiveCfg = Release|Any CPU
		{9FEA5FB1-1365-45ED-837B-03D730ECA572}.Release|x86.Build.0 = Release|Any CPU
		{34F3B555-9C01-4971-9222-2DBE49B2F927}.Debug|Any CPU.ActiveCfg = Debug|Any CPU
		{34F3B555-9C01-4971-9222-2DBE49B2F927}.Debug|Any CPU.Build.0 = Debug|Any CPU
		{34F3B555-9C01-4971-9222-2DBE49B2F927}.Debug|x64.ActiveCfg = Debug|Any CPU
		{34F3B555-9C01-4971-9222-2DBE49B2F927}.Debug|x64.Build.0 = Debug|Any CPU
		{34F3B555-9C01-4971-9222-2DBE49B2F927}.Debug|x86.ActiveCfg = Debug|Any CPU
		{34F3B555-9C01-4971-9222-2DBE49B2F927}.Debug|x86.Build.0 = Debug|Any CPU
		{34F3B555-9C01-4971-9222-2DBE49B2F927}.Release|Any CPU.ActiveCfg = Release|Any CPU
		{34F3B555-9C01-4971-9222-2DBE49B2F927}.Release|Any CPU.Build.0 = Release|Any CPU
		{34F3B555-9C01-4971-9222-2DBE49B2F927}.Release|x64.ActiveCfg = Release|Any CPU
		{34F3B555-9C01-4971-9222-2DBE49B2F927}.Release|x64.Build.0 = Release|Any CPU
		{34F3B555-9C01-4971-9222-2DBE49B2F927}.Release|x86.ActiveCfg = Release|Any CPU
		{34F3B555-9C01-4971-9222-2DBE49B2F927}.Release|x86.Build.0 = Release|Any CPU
		{7B904A29-F1FF-4120-AD8C-87D3E12F2686}.Debug|Any CPU.ActiveCfg = Debug|Any CPU
		{7B904A29-F1FF-4120-AD8C-87D3E12F2686}.Debug|Any CPU.Build.0 = Debug|Any CPU
		{7B904A29-F1FF-4120-AD8C-87D3E12F2686}.Debug|x64.ActiveCfg = Debug|Any CPU
		{7B904A29-F1FF-4120-AD8C-87D3E12F2686}.Debug|x64.Build.0 = Debug|Any CPU
		{7B904A29-F1FF-4120-AD8C-87D3E12F2686}.Debug|x86.ActiveCfg = Debug|Any CPU
		{7B904A29-F1FF-4120-AD8C-87D3E12F2686}.Debug|x86.Build.0 = Debug|Any CPU
		{7B904A29-F1FF-4120-AD8C-87D3E12F2686}.Release|Any CPU.ActiveCfg = Release|Any CPU
		{7B904A29-F1FF-4120-AD8C-87D3E12F2686}.Release|Any CPU.Build.0 = Release|Any CPU
		{7B904A29-F1FF-4120-AD8C-87D3E12F2686}.Release|x64.ActiveCfg = Release|Any CPU
		{7B904A29-F1FF-4120-AD8C-87D3E12F2686}.Release|x64.Build.0 = Release|Any CPU
		{7B904A29-F1FF-4120-AD8C-87D3E12F2686}.Release|x86.ActiveCfg = Release|Any CPU
		{7B904A29-F1FF-4120-AD8C-87D3E12F2686}.Release|x86.Build.0 = Release|Any CPU
		{6F84F8C6-1C6C-4D62-971D-3878960D6B9B}.Debug|Any CPU.ActiveCfg = Debug|Any CPU
		{6F84F8C6-1C6C-4D62-971D-3878960D6B9B}.Debug|Any CPU.Build.0 = Debug|Any CPU
		{6F84F8C6-1C6C-4D62-971D-3878960D6B9B}.Debug|x64.ActiveCfg = Debug|Any CPU
		{6F84F8C6-1C6C-4D62-971D-3878960D6B9B}.Debug|x64.Build.0 = Debug|Any CPU
		{6F84F8C6-1C6C-4D62-971D-3878960D6B9B}.Debug|x86.ActiveCfg = Debug|Any CPU
		{6F84F8C6-1C6C-4D62-971D-3878960D6B9B}.Debug|x86.Build.0 = Debug|Any CPU
		{6F84F8C6-1C6C-4D62-971D-3878960D6B9B}.Release|Any CPU.ActiveCfg = Release|Any CPU
		{6F84F8C6-1C6C-4D62-971D-3878960D6B9B}.Release|Any CPU.Build.0 = Release|Any CPU
		{6F84F8C6-1C6C-4D62-971D-3878960D6B9B}.Release|x64.ActiveCfg = Release|Any CPU
		{6F84F8C6-1C6C-4D62-971D-3878960D6B9B}.Release|x64.Build.0 = Release|Any CPU
		{6F84F8C6-1C6C-4D62-971D-3878960D6B9B}.Release|x86.ActiveCfg = Release|Any CPU
		{6F84F8C6-1C6C-4D62-971D-3878960D6B9B}.Release|x86.Build.0 = Release|Any CPU
	EndGlobalSection
EndGlobal
